// !$*UTF8*$!
{
	archiveVersion = 1;
	classes = {
	};
	objectVersion = 56;
	objects = {

/* Begin PBXBuildFile section */
		E70652B02C4F945700F038C5 /* Footer.swift in Sources */ = {isa = PBXBuildFile; fileRef = E70652AF2C4F945700F038C5 /* Footer.swift */; };
		E7AD14642C514BA700671A76 /* Header.swift in Sources */ = {isa = PBXBuildFile; fileRef = E7AD14632C514BA700671A76 /* Header.swift */; };
		E7AD91202C4A503B00DB73AE /* TextCard.swift in Sources */ = {isa = PBXBuildFile; fileRef = E7AD911F2C4A503B00DB73AE /* TextCard.swift */; };
		E7AD91222C4A9CD000DB73AE /* RoundedRectangleImage.swift in Sources */ = {isa = PBXBuildFile; fileRef = E7AD91212C4A9CD000DB73AE /* RoundedRectangleImage.swift */; };
		E7AD91242C4A9D8F00DB73AE /* OpinionBar.swift in Sources */ = {isa = PBXBuildFile; fileRef = E7AD91232C4A9D8F00DB73AE /* OpinionBar.swift */; };
		E7B75FE62C47B42800CA99F2 /* SantoriniApp.swift in Sources */ = {isa = PBXBuildFile; fileRef = E7B75FE52C47B42800CA99F2 /* SantoriniApp.swift */; };
		E7B75FE82C47B42800CA99F2 /* ContentView.swift in Sources */ = {isa = PBXBuildFile; fileRef = E7B75FE72C47B42800CA99F2 /* ContentView.swift */; };
		E7B75FEA2C47B42B00CA99F2 /* Assets.xcassets in Resources */ = {isa = PBXBuildFile; fileRef = E7B75FE92C47B42B00CA99F2 /* Assets.xcassets */; };
		E7B75FEE2C47B42B00CA99F2 /* Preview Assets.xcassets in Resources */ = {isa = PBXBuildFile; fileRef = E7B75FED2C47B42B00CA99F2 /* Preview Assets.xcassets */; };
		E7B75FF62C47B94900CA99F2 /* ImageBackground.swift in Sources */ = {isa = PBXBuildFile; fileRef = E7B75FF52C47B94900CA99F2 /* ImageBackground.swift */; };
/* End PBXBuildFile section */

/* Begin PBXFileReference section */
		E70652AF2C4F945700F038C5 /* Footer.swift */ = {isa = PBXFileReference; lastKnownFileType = sourcecode.swift; path = Footer.swift; sourceTree = "<group>"; };
		E7AD14632C514BA700671A76 /* Header.swift */ = {isa = PBXFileReference; lastKnownFileType = sourcecode.swift; path = Header.swift; sourceTree = "<group>"; };
		E7AD911F2C4A503B00DB73AE /* TextCard.swift */ = {isa = PBXFileReference; lastKnownFileType = sourcecode.swift; path = TextCard.swift; sourceTree = "<group>"; };
		E7AD91212C4A9CD000DB73AE /* RoundedRectangleImage.swift */ = {isa = PBXFileReference; lastKnownFileType = sourcecode.swift; path = RoundedRectangleImage.swift; sourceTree = "<group>"; };
		E7AD91232C4A9D8F00DB73AE /* OpinionBar.swift */ = {isa = PBXFileReference; lastKnownFileType = sourcecode.swift; path = OpinionBar.swift; sourceTree = "<group>"; };
		E7B75FE22C47B42700CA99F2 /* Santorini.app */ = {isa = PBXFileReference; explicitFileType = wrapper.application; includeInIndex = 0; path = Santorini.app; sourceTree = BUILT_PRODUCTS_DIR; };
		E7B75FE52C47B42800CA99F2 /* SantoriniApp.swift */ = {isa = PBXFileReference; lastKnownFileType = sourcecode.swift; path = SantoriniApp.swift; sourceTree = "<group>"; };
		E7B75FE72C47B42800CA99F2 /* ContentView.swift */ = {isa = PBXFileReference; lastKnownFileType = sourcecode.swift; path = ContentView.swift; sourceTree = "<group>"; };
		E7B75FE92C47B42B00CA99F2 /* Assets.xcassets */ = {isa = PBXFileReference; lastKnownFileType = folder.assetcatalog; path = Assets.xcassets; sourceTree = "<group>"; };
		E7B75FEB2C47B42B00CA99F2 /* Santorini.entitlements */ = {isa = PBXFileReference; lastKnownFileType = text.plist.entitlements; path = Santorini.entitlements; sourceTree = "<group>"; };
		E7B75FED2C47B42B00CA99F2 /* Preview Assets.xcassets */ = {isa = PBXFileReference; lastKnownFileType = folder.assetcatalog; path = "Preview Assets.xcassets"; sourceTree = "<group>"; };
		E7B75FF52C47B94900CA99F2 /* ImageBackground.swift */ = {isa = PBXFileReference; lastKnownFileType = sourcecode.swift; path = ImageBackground.swift; sourceTree = "<group>"; };
/* End PBXFileReference section */

/* Begin PBXFrameworksBuildPhase section */
		E7B75FDF2C47B42700CA99F2 /* Frameworks */ = {
			isa = PBXFrameworksBuildPhase;
			buildActionMask = 2147483647;
			files = (
			);
			runOnlyForDeploymentPostprocessing = 0;
		};
/* End PBXFrameworksBuildPhase section */

/* Begin PBXGroup section */
		E7AD14622C51488F00671A76 /* Header */ = {
			isa = PBXGroup;
			children = (
				E7B75FF52C47B94900CA99F2 /* ImageBackground.swift */,
				E7AD14632C514BA700671A76 /* Header.swift */,
			);
			path = Header;
			sourceTree = "<group>";
		};
		E7AD91252C4A9D9700DB73AE /* OpinionBar */ = {
			isa = PBXGroup;
			children = (
				E7AD91212C4A9CD000DB73AE /* RoundedRectangleImage.swift */,
				E7AD91232C4A9D8F00DB73AE /* OpinionBar.swift */,
			);
			path = OpinionBar;
			sourceTree = "<group>";
		};
		E7B75FD92C47B42700CA99F2 = {
			isa = PBXGroup;
			children = (
				E7B75FE42C47B42700CA99F2 /* Santorini */,
				E7B75FE32C47B42700CA99F2 /* Products */,
			);
			sourceTree = "<group>";
		};
		E7B75FE32C47B42700CA99F2 /* Products */ = {
			isa = PBXGroup;
			children = (
				E7B75FE22C47B42700CA99F2 /* Santorini.app */,
			);
			name = Products;
			sourceTree = "<group>";
		};
		E7B75FE42C47B42700CA99F2 /* Santorini */ = {
			isa = PBXGroup;
			children = (
				E7B75FF42C47B92200CA99F2 /* Views */,
				E7B75FE52C47B42800CA99F2 /* SantoriniApp.swift */,
				E7B75FE72C47B42800CA99F2 /* ContentView.swift */,
				E7B75FE92C47B42B00CA99F2 /* Assets.xcassets */,
				E7B75FEB2C47B42B00CA99F2 /* Santorini.entitlements */,
				E7B75FEC2C47B42B00CA99F2 /* Preview Content */,
			);
			path = Santorini;
			sourceTree = "<group>";
		};
		E7B75FEC2C47B42B00CA99F2 /* Preview Content */ = {
			isa = PBXGroup;
			children = (
				E7B75FED2C47B42B00CA99F2 /* Preview Assets.xcassets */,
			);
			path = "Preview Content";
			sourceTree = "<group>";
		};
		E7B75FF42C47B92200CA99F2 /* Views */ = {
			isa = PBXGroup;
			children = (
				E7AD14622C51488F00671A76 /* Header */,
				E7AD91252C4A9D9700DB73AE /* OpinionBar */,
				E7AD911F2C4A503B00DB73AE /* TextCard.swift */,
				E70652AF2C4F945700F038C5 /* Footer.swift */,
			);
			path = Views;
			sourceTree = "<group>";
		};
/* End PBXGroup section */

/* Begin PBXNativeTarget section */
		E7B75FE12C47B42700CA99F2 /* Santorini */ = {
			isa = PBXNativeTarget;
			buildConfigurationList = E7B75FF12C47B42B00CA99F2 /* Build configuration list for PBXNativeTarget "Santorini" */;
			buildPhases = (
				E7B75FDE2C47B42700CA99F2 /* Sources */,
				E7B75FDF2C47B42700CA99F2 /* Frameworks */,
				E7B75FE02C47B42700CA99F2 /* Resources */,
			);
			buildRules = (
			);
			dependencies = (
			);
			name = Santorini;
			productName = Santorini;
			productReference = E7B75FE22C47B42700CA99F2 /* Santorini.app */;
			productType = "com.apple.product-type.application";
		};
/* End PBXNativeTarget section */

/* Begin PBXProject section */
		E7B75FDA2C47B42700CA99F2 /* Project object */ = {
			isa = PBXProject;
			attributes = {
				BuildIndependentTargetsInParallel = 1;
				LastSwiftUpdateCheck = 1540;
				LastUpgradeCheck = 1540;
				TargetAttributes = {
					E7B75FE12C47B42700CA99F2 = {
						CreatedOnToolsVersion = 15.4;
					};
				};
			};
			buildConfigurationList = E7B75FDD2C47B42700CA99F2 /* Build configuration list for PBXProject "Santorini" */;
			compatibilityVersion = "Xcode 14.0";
			developmentRegion = en;
			hasScannedForEncodings = 0;
			knownRegions = (
				en,
				Base,
			);
			mainGroup = E7B75FD92C47B42700CA99F2;
			productRefGroup = E7B75FE32C47B42700CA99F2 /* Products */;
			projectDirPath = "";
			projectRoot = "";
			targets = (
				E7B75FE12C47B42700CA99F2 /* Santorini */,
			);
		};
/* End PBXProject section */

/* Begin PBXResourcesBuildPhase section */
		E7B75FE02C47B42700CA99F2 /* Resources */ = {
			isa = PBXResourcesBuildPhase;
			buildActionMask = 2147483647;
			files = (
				E7B75FEE2C47B42B00CA99F2 /* Preview Assets.xcassets in Resources */,
				E7B75FEA2C47B42B00CA99F2 /* Assets.xcassets in Resources */,
			);
			runOnlyForDeploymentPostprocessing = 0;
		};
/* End PBXResourcesBuildPhase section */

/* Begin PBXSourcesBuildPhase section */
		E7B75FDE2C47B42700CA99F2 /* Sources */ = {
			isa = PBXSourcesBuildPhase;
			buildActionMask = 2147483647;
			files = (
				E7B75FF62C47B94900CA99F2 /* ImageBackground.swift in Sources */,
				E70652B02C4F945700F038C5 /* Footer.swift in Sources */,
				E7AD91242C4A9D8F00DB73AE /* OpinionBar.swift in Sources */,
				E7B75FE82C47B42800CA99F2 /* ContentView.swift in Sources */,
				E7B75FE62C47B42800CA99F2 /* SantoriniApp.swift in Sources */,
				E7AD91222C4A9CD000DB73AE /* RoundedRectangleImage.swift in Sources */,
				E7AD91202C4A503B00DB73AE /* TextCard.swift in Sources */,
				E7AD14642C514BA700671A76 /* Header.swift in Sources */,
			);
			runOnlyForDeploymentPostprocessing = 0;
		};
/* End PBXSourcesBuildPhase section */

/* Begin XCBuildConfiguration section */
		E7B75FEF2C47B42B00CA99F2 /* Debug */ = {
			isa = XCBuildConfiguration;
			buildSettings = {
				ALWAYS_SEARCH_USER_PATHS = NO;
				ASSETCATALOG_COMPILER_GENERATE_SWIFT_ASSET_SYMBOL_EXTENSIONS = YES;
				CLANG_ANALYZER_NONNULL = YES;
				CLANG_ANALYZER_NUMBER_OBJECT_CONVERSION = YES_AGGRESSIVE;
				CLANG_CXX_LANGUAGE_STANDARD = "gnu++20";
				CLANG_ENABLE_MODULES = YES;
				CLANG_ENABLE_OBJC_ARC = YES;
				CLANG_ENABLE_OBJC_WEAK = YES;
				CLANG_WARN_BLOCK_CAPTURE_AUTORELEASING = YES;
				CLANG_WARN_BOOL_CONVERSION = YES;
				CLANG_WARN_COMMA = YES;
				CLANG_WARN_CONSTANT_CONVERSION = YES;
				CLANG_WARN_DEPRECATED_OBJC_IMPLEMENTATIONS = YES;
				CLANG_WARN_DIRECT_OBJC_ISA_USAGE = YES_ERROR;
				CLANG_WARN_DOCUMENTATION_COMMENTS = YES;
				CLANG_WARN_EMPTY_BODY = YES;
				CLANG_WARN_ENUM_CONVERSION = YES;
				CLANG_WARN_INFINITE_RECURSION = YES;
				CLANG_WARN_INT_CONVERSION = YES;
				CLANG_WARN_NON_LITERAL_NULL_CONVERSION = YES;
				CLANG_WARN_OBJC_IMPLICIT_RETAIN_SELF = YES;
				CLANG_WARN_OBJC_LITERAL_CONVERSION = YES;
				CLANG_WARN_OBJC_ROOT_CLASS = YES_ERROR;
				CLANG_WARN_QUOTED_INCLUDE_IN_FRAMEWORK_HEADER = YES;
				CLANG_WARN_RANGE_LOOP_ANALYSIS = YES;
				CLANG_WARN_STRICT_PROTOTYPES = YES;
				CLANG_WARN_SUSPICIOUS_MOVE = YES;
				CLANG_WARN_UNGUARDED_AVAILABILITY = YES_AGGRESSIVE;
				CLANG_WARN_UNREACHABLE_CODE = YES;
				CLANG_WARN__DUPLICATE_METHOD_MATCH = YES;
				COPY_PHASE_STRIP = NO;
				DEBUG_INFORMATION_FORMAT = dwarf;
				ENABLE_STRICT_OBJC_MSGSEND = YES;
				ENABLE_TESTABILITY = YES;
				ENABLE_USER_SCRIPT_SANDBOXING = YES;
				GCC_C_LANGUAGE_STANDARD = gnu17;
				GCC_DYNAMIC_NO_PIC = NO;
				GCC_NO_COMMON_BLOCKS = YES;
				GCC_OPTIMIZATION_LEVEL = 0;
				GCC_PREPROCESSOR_DEFINITIONS = (
					"DEBUG=1",
					"$(inherited)",
				);
				GCC_WARN_64_TO_32_BIT_CONVERSION = YES;
				GCC_WARN_ABOUT_RETURN_TYPE = YES_ERROR;
				GCC_WARN_UNDECLARED_SELECTOR = YES;
				GCC_WARN_UNINITIALIZED_AUTOS = YES_AGGRESSIVE;
				GCC_WARN_UNUSED_FUNCTION = YES;
				GCC_WARN_UNUSED_VARIABLE = YES;
				LOCALIZATION_PREFERS_STRING_CATALOGS = YES;
				MTL_ENABLE_DEBUG_INFO = INCLUDE_SOURCE;
				MTL_FAST_MATH = YES;
				ONLY_ACTIVE_ARCH = YES;
				SWIFT_ACTIVE_COMPILATION_CONDITIONS = "DEBUG $(inherited)";
				SWIFT_OPTIMIZATION_LEVEL = "-Onone";
			};
			name = Debug;
		};
		E7B75FF02C47B42B00CA99F2 /* Release */ = {
			isa = XCBuildConfiguration;
			buildSettings = {
				ALWAYS_SEARCH_USER_PATHS = NO;
				ASSETCATALOG_COMPILER_GENERATE_SWIFT_ASSET_SYMBOL_EXTENSIONS = YES;
				CLANG_ANALYZER_NONNULL = YES;
				CLANG_ANALYZER_NUMBER_OBJECT_CONVERSION = YES_AGGRESSIVE;
				CLANG_CXX_LANGUAGE_STANDARD = "gnu++20";
				CLANG_ENABLE_MODULES = YES;
				CLANG_ENABLE_OBJC_ARC = YES;
				CLANG_ENABLE_OBJC_WEAK = YES;
				CLANG_WARN_BLOCK_CAPTURE_AUTORELEASING = YES;
				CLANG_WARN_BOOL_CONVERSION = YES;
				CLANG_WARN_COMMA = YES;
				CLANG_WARN_CONSTANT_CONVERSION = YES;
				CLANG_WARN_DEPRECATED_OBJC_IMPLEMENTATIONS = YES;
				CLANG_WARN_DIRECT_OBJC_ISA_USAGE = YES_ERROR;
				CLANG_WARN_DOCUMENTATION_COMMENTS = YES;
				CLANG_WARN_EMPTY_BODY = YES;
				CLANG_WARN_ENUM_CONVERSION = YES;
				CLANG_WARN_INFINITE_RECURSION = YES;
				CLANG_WARN_INT_CONVERSION = YES;
				CLANG_WARN_NON_LITERAL_NULL_CONVERSION = YES;
				CLANG_WARN_OBJC_IMPLICIT_RETAIN_SELF = YES;
				CLANG_WARN_OBJC_LITERAL_CONVERSION = YES;
				CLANG_WARN_OBJC_ROOT_CLASS = YES_ERROR;
				CLANG_WARN_QUOTED_INCLUDE_IN_FRAMEWORK_HEADER = YES;
				CLANG_WARN_RANGE_LOOP_ANALYSIS = YES;
				CLANG_WARN_STRICT_PROTOTYPES = YES;
				CLANG_WARN_SUSPICIOUS_MOVE = YES;
				CLANG_WARN_UNGUARDED_AVAILABILITY = YES_AGGRESSIVE;
				CLANG_WARN_UNREACHABLE_CODE = YES;
				CLANG_WARN__DUPLICATE_METHOD_MATCH = YES;
				COPY_PHASE_STRIP = NO;
				DEBUG_INFORMATION_FORMAT = "dwarf-with-dsym";
				ENABLE_NS_ASSERTIONS = NO;
				ENABLE_STRICT_OBJC_MSGSEND = YES;
				ENABLE_USER_SCRIPT_SANDBOXING = YES;
				GCC_C_LANGUAGE_STANDARD = gnu17;
				GCC_NO_COMMON_BLOCKS = YES;
				GCC_WARN_64_TO_32_BIT_CONVERSION = YES;
				GCC_WARN_ABOUT_RETURN_TYPE = YES_ERROR;
				GCC_WARN_UNDECLARED_SELECTOR = YES;
				GCC_WARN_UNINITIALIZED_AUTOS = YES_AGGRESSIVE;
				GCC_WARN_UNUSED_FUNCTION = YES;
				GCC_WARN_UNUSED_VARIABLE = YES;
				LOCALIZATION_PREFERS_STRING_CATALOGS = YES;
				MTL_ENABLE_DEBUG_INFO = NO;
				MTL_FAST_MATH = YES;
				SWIFT_COMPILATION_MODE = wholemodule;
			};
			name = Release;
		};
		E7B75FF22C47B42B00CA99F2 /* Debug */ = {
			isa = XCBuildConfiguration;
			buildSettings = {
				ASSETCATALOG_COMPILER_APPICON_NAME = AppIcon;
				ASSETCATALOG_COMPILER_GLOBAL_ACCENT_COLOR_NAME = AccentColor;
				CODE_SIGN_ENTITLEMENTS = Santorini/Santorini.entitlements;
				CODE_SIGN_STYLE = Automatic;
				CURRENT_PROJECT_VERSION = 1;
				DEVELOPMENT_ASSET_PATHS = "\"Santorini/Preview Content\"";
				DEVELOPMENT_TEAM = 3N48BLM93F;
				ENABLE_HARDENED_RUNTIME = YES;
				ENABLE_PREVIEWS = YES;
				GENERATE_INFOPLIST_FILE = YES;
				"INFOPLIST_KEY_UIApplicationSceneManifest_Generation[sdk=iphoneos*]" = YES;
				"INFOPLIST_KEY_UIApplicationSceneManifest_Generation[sdk=iphonesimulator*]" = YES;
				"INFOPLIST_KEY_UIApplicationSupportsIndirectInputEvents[sdk=iphoneos*]" = YES;
				"INFOPLIST_KEY_UIApplicationSupportsIndirectInputEvents[sdk=iphonesimulator*]" = YES;
				"INFOPLIST_KEY_UILaunchScreen_Generation[sdk=iphoneos*]" = YES;
				"INFOPLIST_KEY_UILaunchScreen_Generation[sdk=iphonesimulator*]" = YES;
				"INFOPLIST_KEY_UIStatusBarStyle[sdk=iphoneos*]" = UIStatusBarStyleDefault;
				"INFOPLIST_KEY_UIStatusBarStyle[sdk=iphonesimulator*]" = UIStatusBarStyleDefault;
				INFOPLIST_KEY_UISupportedInterfaceOrientations = UIInterfaceOrientationPortrait;
				IPHONEOS_DEPLOYMENT_TARGET = 17.5;
				LD_RUNPATH_SEARCH_PATHS = "@executable_path/Frameworks";
				"LD_RUNPATH_SEARCH_PATHS[sdk=macosx*]" = "@executable_path/../Frameworks";
				MACOSX_DEPLOYMENT_TARGET = 14.5;
				MARKETING_VERSION = 1.0;
				PRODUCT_BUNDLE_IDENTIFIER = io.ianlcz.santorini;
				PRODUCT_NAME = "$(TARGET_NAME)";
				SDKROOT = auto;
				SUPPORTED_PLATFORMS = "iphoneos iphonesimulator macosx";
				SWIFT_EMIT_LOC_STRINGS = YES;
				SWIFT_VERSION = 5.0;
				TARGETED_DEVICE_FAMILY = "1,2";
			};
			name = Debug;
		};
		E7B75FF32C47B42B00CA99F2 /* Release */ = {
			isa = XCBuildConfiguration;
			buildSettings = {
				ASSETCATALOG_COMPILER_APPICON_NAME = AppIcon;
				ASSETCATALOG_COMPILER_GLOBAL_ACCENT_COLOR_NAME = AccentColor;
				CODE_SIGN_ENTITLEMENTS = Santorini/Santorini.entitlements;
				CODE_SIGN_STYLE = Automatic;
				CURRENT_PROJECT_VERSION = 1;
				DEVELOPMENT_ASSET_PATHS = "\"Santorini/Preview Content\"";
				DEVELOPMENT_TEAM = 3N48BLM93F;
				ENABLE_HARDENED_RUNTIME = YES;
				ENABLE_PREVIEWS = YES;
				GENERATE_INFOPLIST_FILE = YES;
				"INFOPLIST_KEY_UIApplicationSceneManifest_Generation[sdk=iphoneos*]" = YES;
				"INFOPLIST_KEY_UIApplicationSceneManifest_Generation[sdk=iphonesimulator*]" = YES;
				"INFOPLIST_KEY_UIApplicationSupportsIndirectInputEvents[sdk=iphoneos*]" = YES;
				"INFOPLIST_KEY_UIApplicationSupportsIndirectInputEvents[sdk=iphonesimulator*]" = YES;
				"INFOPLIST_KEY_UILaunchScreen_Generation[sdk=iphoneos*]" = YES;
				"INFOPLIST_KEY_UILaunchScreen_Generation[sdk=iphonesimulator*]" = YES;
				"INFOPLIST_KEY_UIStatusBarStyle[sdk=iphoneos*]" = UIStatusBarStyleDefault;
				"INFOPLIST_KEY_UIStatusBarStyle[sdk=iphonesimulator*]" = UIStatusBarStyleDefault;
				INFOPLIST_KEY_UISupportedInterfaceOrientations = UIInterfaceOrientationPortrait;
				IPHONEOS_DEPLOYMENT_TARGET = 17.5;
				LD_RUNPATH_SEARCH_PATHS = "@executable_path/Frameworks";
				"LD_RUNPATH_SEARCH_PATHS[sdk=macosx*]" = "@executable_path/../Frameworks";
				MACOSX_DEPLOYMENT_TARGET = 14.5;
				MARKETING_VERSION = 1.0;
				PRODUCT_BUNDLE_IDENTIFIER = io.ianlcz.santorini;
				PRODUCT_NAME = "$(TARGET_NAME)";
				SDKROOT = auto;
				SUPPORTED_PLATFORMS = "iphoneos iphonesimulator macosx";
				SWIFT_EMIT_LOC_STRINGS = YES;
				SWIFT_VERSION = 5.0;
				TARGETED_DEVICE_FAMILY = "1,2";
			};
			name = Release;
		};
/* End XCBuildConfiguration section */

/* Begin XCConfigurationList section */
		E7B75FDD2C47B42700CA99F2 /* Build configuration list for PBXProject "Santorini" */ = {
			isa = XCConfigurationList;
			buildConfigurations = (
				E7B75FEF2C47B42B00CA99F2 /* Debug */,
				E7B75FF02C47B42B00CA99F2 /* Release */,
			);
			defaultConfigurationIsVisible = 0;
			defaultConfigurationName = Release;
		};
		E7B75FF12C47B42B00CA99F2 /* Build configuration list for PBXNativeTarget "Santorini" */ = {
			isa = XCConfigurationList;
			buildConfigurations = (
				E7B75FF22C47B42B00CA99F2 /* Debug */,
				E7B75FF32C47B42B00CA99F2 /* Release */,
			);
			defaultConfigurationIsVisible = 0;
			defaultConfigurationName = Release;
		};
/* End XCConfigurationList section */
	};
	rootObject = E7B75FDA2C47B42700CA99F2 /* Project object */;
}
